
Microsoft Visual Studio Solution File, Format Version 12.00
# Visual Studio 15
VisualStudioVersion = 15.0.28010.2026
MinimumVisualStudioVersion = 10.0.40219.1
Project("{FAE04EC0-301F-11D3-BF4B-00C04F79EFBC}") = "TIMCADV", "TIMCADV\TIMCADV.csproj", "{70C781D7-1B08-4FE9-949E-739DDDC86C71}"
EndProject
Global
	GlobalSection(SolutionConfigurationPlatforms) = preSolution
		Debug|Any CPU = Debug|Any CPU
		Release|Any CPU = Release|Any CPU
	EndGlobalSection
	GlobalSection(ProjectConfigurationPlatforms) = postSolution
		{70C781D7-1B08-4FE9-949E-739DDDC86C71}.Debug|Any CPU.ActiveCfg = Debug|Any CPU
		{70C781D7-1B08-4FE9-949E-739DDDC86C71}.Debug|Any CPU.Build.0 = Debug|Any CPU
		{70C781D7-1B08-4FE9-949E-739DDDC86C71}.Release|Any CPU.ActiveCfg = Release|Any CPU
		{70C781D7-1B08-4FE9-949E-739DDDC86C71}.Release|Any CPU.Build.0 = Release|Any CPU
	EndGlobalSection
	GlobalSection(SolutionProperties) = preSolution
		HideSolutionNode = FALSE
	EndGlobalSection
	GlobalSection(ExtensibilityGlobals) = postSolution
		SolutionGuid = {F9D60842-BADF-4906-B61B-001AEBF2499F}
	EndGlobalSection
EndGlobal
